
Microsoft Visual Studio Solution File, Format Version 10.00
# Visual Studio 2008
Project("{8BC9CEB8-8B4A-11D0-8D11-00A0C91BC942}") = "CSE 168", "CSE 168.vcproj", "{30A3FCE6-5C5D-496B-95E4-1BCF81CF6891}"
EndProject
Global
	GlobalSection(SolutionConfigurationPlatforms) = preSolution
		Debug|Win32 = Debug|Win32
		Release|Win32 = Release|Win32
	EndGlobalSection
	GlobalSection(ProjectConfigurationPlatforms) = postSolution
		{30A3FCE6-5C5D-496B-95E4-1BCF81CF6891}.Debug|Win32.ActiveCfg = Debug|Win32
		{30A3FCE6-5C5D-496B-95E4-1BCF81CF6891}.Debug|Win32.Build.0 = Debug|Win32
		{30A3FCE6-5C5D-496B-95E4-1BCF81CF6891}.Release|Win32.ActiveCfg = Release|Win32
		{30A3FCE6-5C5D-496B-95E4-1BCF81CF6891}.Release|Win32.Build.0 = Release|Win32
	EndGlobalSection
	GlobalSection(SolutionProperties) = preSolution
		HideSolutionNode = FALSE
	EndGlobalSection
EndGlobal
